{
  "name": "todo_app",
  "lockfileVersion": 3,
  "requires": true,
  "packages": {
    "": {
      "dependencies": {
        "firebase": "^10.4.0"
      }
    },
    "node_modules/@firebase/analytics": {
      "version": "0.10.0",
      "resolved": "https://registry.npmjs.org/@firebase/analytics/-/analytics-0.10.0.tgz",
      "integrity": "sha512-Locv8gAqx0e+GX/0SI3dzmBY5e9kjVDtD+3zCFLJ0tH2hJwuCAiL+5WkHuxKj92rqQj/rvkBUCfA1ewlX2hehg==",
      "dependencies": {
        "@firebase/component": "0.6.4",
        "@firebase/installations": "0.6.4",
        "@firebase/logger": "0.4.0",
        "@firebase/util": "1.9.3",
        "tslib": "^2.1.0"
      },
      "peerDependencies": {
        "@firebase/app": "0.x"
      }
    },
    "node_modules/@firebase/analytics-compat": {
      "version": "0.2.6",
      "resolved": "https://registry.npmjs.org/@firebase/analytics-compat/-/analytics-compat-0.2.6.tgz",
      "integrity": "sha512-4MqpVLFkGK7NJf/5wPEEP7ePBJatwYpyjgJ+wQHQGHfzaCDgntOnl9rL2vbVGGKCnRqWtZDIWhctB86UWXaX2Q==",
      "dependencies": {
        "@firebase/analytics": "0.10.0",
        "@firebase/analytics-types": "0.8.0",
        "@firebase/component": "0.6.4",
        "@firebase/util": "1.9.3",
        "tslib": "^2.1.0"
      },
      "peerDependencies": {
        "@firebase/app-compat": "0.x"
      }
    },
    "node_modules/@firebase/analytics-types": {
      "version": "0.8.0",
      "resolved": "https://registry.npmjs.org/@firebase/analytics-types/-/analytics-types-0.8.0.tgz",
      "integrity": "sha512-iRP+QKI2+oz3UAh4nPEq14CsEjrjD6a5+fuypjScisAh9kXKFvdJOZJDwk7kikLvWVLGEs9+kIUS4LPQV7VZVw=="
    },
    "node_modules/@firebase/app": {
      "version": "0.9.19",
      "resolved": "https://registry.npmjs.org/@firebase/app/-/app-0.9.19.tgz",
      "integrity": "sha512-t/SHyZ3xWkR77ZU9VMoobDNFLdDKQ5xqoCAn4o16gTsA1C8sJ6ZOMZ02neMOPxNHuQXVE4tA8ukilnDbnK7uJA==",
      "dependencies": {
        "@firebase/component": "0.6.4",
        "@firebase/logger": "0.4.0",
        "@firebase/util": "1.9.3",
        "idb": "7.1.1",
        "tslib": "^2.1.0"
      }
    },
    "node_modules/@firebase/app-check": {
      "version": "0.8.0",
      "resolved": "https://registry.npmjs.org/@firebase/app-check/-/app-check-0.8.0.tgz",
      "integrity": "sha512-dRDnhkcaC2FspMiRK/Vbp+PfsOAEP6ZElGm9iGFJ9fDqHoPs0HOPn7dwpJ51lCFi1+2/7n5pRPGhqF/F03I97g==",
      "dependencies": {
        "@firebase/component": "0.6.4",
        "@firebase/logger": "0.4.0",
        "@firebase/util": "1.9.3",
        "tslib": "^2.1.0"
      },
      "peerDependencies": {
        "@firebase/app": "0.x"
      }
    },
    "node_modules/@firebase/app-check-compat": {
      "version": "0.3.7",
      "resolved": "https://registry.npmjs.org/@firebase/app-check-compat/-/app-check-compat-0.3.7.tgz",
      "integrity": "sha512-cW682AxsyP1G+Z0/P7pO/WT2CzYlNxoNe5QejVarW2o5ZxeWSSPAiVEwpEpQR/bUlUmdeWThYTMvBWaopdBsqw==",
      "dependencies": {
        "@firebase/app-check": "0.8.0",
        "@firebase/app-check-types": "0.5.0",
        "@firebase/component": "0.6.4",
        "@firebase/logger": "0.4.0",
        "@firebase/util": "1.9.3",
        "tslib": "^2.1.0"
      },
      "peerDependencies": {
        "@firebase/app-compat": "0.x"
      }
    },
    "node_modules/@firebase/app-check-interop-types": {
      "version": "0.3.0",
      "resolved": "https://registry.npmjs.org/@firebase/app-check-interop-types/-/app-check-interop-types-0.3.0.tgz",
      "integrity": "sha512-xAxHPZPIgFXnI+vb4sbBjZcde7ZluzPPaSK7Lx3/nmuVk4TjZvnL8ONnkd4ERQKL8WePQySU+pRcWkh8rDf5Sg=="
    },
    "node_modules/@firebase/app-check-types": {
      "version": "0.5.0",
      "resolved": "https://registry.npmjs.org/@firebase/app-check-types/-/app-check-types-0.5.0.tgz",
      "integrity": "sha512-uwSUj32Mlubybw7tedRzR24RP8M8JUVR3NPiMk3/Z4bCmgEKTlQBwMXrehDAZ2wF+TsBq0SN1c6ema71U/JPyQ=="
    },
    "node_modules/@firebase/app-compat": {
      "version": "0.2.19",
      "resolved": "https://registry.npmjs.org/@firebase/app-compat/-/app-compat-0.2.19.tgz",
      "integrity": "sha512-QkJDqYqjhvs4fTMcRVXQkP9hbo5yfoJXDWkhU4VA5Vzs8Qsp76VPzYbqx5SD5OmBy+bz/Ot1UV8qySPGI4aKuw==",
      "dependencies": {
        "@firebase/app": "0.9.19",
        "@firebase/component": "0.6.4",
        "@firebase/logger": "0.4.0",
        "@firebase/util": "1.9.3",
        "tslib": "^2.1.0"
      }
    },
    "node_modules/@firebase/app-types": {
      "version": "0.9.0",
      "resolved": "https://registry.npmjs.org/@firebase/app-types/-/app-types-0.9.0.tgz",
      "integrity": "sha512-AeweANOIo0Mb8GiYm3xhTEBVCmPwTYAu9Hcd2qSkLuga/6+j9b1Jskl5bpiSQWy9eJ/j5pavxj6eYogmnuzm+Q=="
    },
    "node_modules/@firebase/auth": {
      "version": "1.3.0",
      "resolved": "https://registry.npmjs.org/@firebase/auth/-/auth-1.3.0.tgz",
      "integrity": "sha512-vjK4CHbY9aWdiVOrKi6mpa8z6uxeaf7LB/MZTHuZOiGHMcUoTGB6TeMbRShyqk1uaMrxhhZ5Ar/dR0965E1qyA==",
      "dependencies": {
        "@firebase/component": "0.6.4",
        "@firebase/logger": "0.4.0",
        "@firebase/util": "1.9.3",
        "node-fetch": "2.6.7",
        "tslib": "^2.1.0"
      },
      "peerDependencies": {
        "@firebase/app": "0.x",
        "@react-native-async-storage/async-storage": "^1.18.1"
      },
      "peerDependenciesMeta": {
        "@react-native-async-storage/async-storage": {
          "optional": true
        }
      }
    },
    "node_modules/@firebase/auth-compat": {
      "version": "0.4.6",
      "resolved": "https://registry.npmjs.org/@firebase/auth-compat/-/auth-compat-0.4.6.tgz",
      "integrity": "sha512-pKp1d4fSf+yoy1EBjTx9ISxlunqhW0vTICk0ByZ3e+Lp6ZIXThfUy4F1hAJlEafD/arM0oepRiAh7LXS1xn/BA==",
      "dependencies": {
        "@firebase/auth": "1.3.0",
        "@firebase/auth-types": "0.12.0",
        "@firebase/component": "0.6.4",
        "@firebase/util": "1.9.3",
        "node-fetch": "2.6.7",
        "tslib": "^2.1.0"
      },
      "peerDependencies": {
        "@firebase/app-compat": "0.x"
      }
    },
    "node_modules/@firebase/auth-interop-types": {
      "version": "0.2.1",
      "resolved": "https://registry.npmjs.org/@firebase/auth-interop-types/-/auth-interop-types-0.2.1.tgz",
      "integrity": "sha512-VOaGzKp65MY6P5FI84TfYKBXEPi6LmOCSMMzys6o2BN2LOsqy7pCuZCup7NYnfbk5OkkQKzvIfHOzTm0UDpkyg=="
    },
    "node_modules/@firebase/auth-types": {
      "version": "0.12.0",
      "resolved": "https://registry.npmjs.org/@firebase/auth-types/-/auth-types-0.12.0.tgz",
      "integrity": "sha512-pPwaZt+SPOshK8xNoiQlK5XIrS97kFYc3Rc7xmy373QsOJ9MmqXxLaYssP5Kcds4wd2qK//amx/c+A8O2fVeZA==",
      "peerDependencies": {
        "@firebase/app-types": "0.x",
        "@firebase/util": "1.x"
      }
    },
    "node_modules/@firebase/component": {
      "version": "0.6.4",
      "resolved": "https://registry.npmjs.org/@firebase/component/-/component-0.6.4.tgz",
      "integrity": "sha512-rLMyrXuO9jcAUCaQXCMjCMUsWrba5fzHlNK24xz5j2W6A/SRmK8mZJ/hn7V0fViLbxC0lPMtrK1eYzk6Fg03jA==",
      "dependencies": {
        "@firebase/util": "1.9.3",
        "tslib": "^2.1.0"
      }
    },
    "node_modules/@firebase/database": {
      "version": "1.0.1",
      "resolved": "https://registry.npmjs.org/@firebase/database/-/database-1.0.1.tgz",
      "integrity": "sha512-VAhF7gYwunW4Lw/+RQZvW8dlsf2r0YYqV9W0Gi2Mz8+0TGg1mBJWoUtsHfOr8kPJXhcLsC4eP/z3x6L/Fvjk/A==",
      "dependencies": {
        "@firebase/auth-interop-types": "0.2.1",
        "@firebase/component": "0.6.4",
        "@firebase/logger": "0.4.0",
        "@firebase/util": "1.9.3",
        "faye-websocket": "0.11.4",
        "tslib": "^2.1.0"
      }
    },
    "node_modules/@firebase/database-compat": {
      "version": "1.0.1",
      "resolved": "https://registry.npmjs.org/@firebase/database-compat/-/database-compat-1.0.1.tgz",
      "integrity": "sha512-ky82yLIboLxtAIWyW/52a6HLMVTzD2kpZlEilVDok73pNPLjkJYowj8iaIWK5nTy7+6Gxt7d00zfjL6zckGdXQ==",
      "dependencies": {
        "@firebase/component": "0.6.4",
        "@firebase/database": "1.0.1",
        "@firebase/database-types": "1.0.0",
        "@firebase/logger": "0.4.0",
        "@firebase/util": "1.9.3",
        "tslib": "^2.1.0"
      }
    },
    "node_modules/@firebase/database-types": {
      "version": "1.0.0",
      "resolved": "https://registry.npmjs.org/@firebase/database-types/-/database-types-1.0.0.tgz",
      "integrity": "sha512-SjnXStoE0Q56HcFgNQ+9SsmJc0c8TqGARdI/T44KXy+Ets3r6x/ivhQozT66bMnCEjJRywYoxNurRTMlZF8VNg==",
      "dependencies": {
        "@firebase/app-types": "0.9.0",
        "@firebase/util": "1.9.3"
      }
    },
    "node_modules/@firebase/firestore": {
      "version": "4.2.0",
      "resolved": "https://registry.npmjs.org/@firebase/firestore/-/firestore-4.2.0.tgz",
      "integrity": "sha512-iKZqIdOBJpJUcwY5airLX0W04TLrQSJuActOP1HG5WoIY5oyGTQE4Ml7hl5GW7mBqFieT4ojtUuDXj6MLrn1lA==",
      "dependencies": {
        "@firebase/component": "0.6.4",
        "@firebase/logger": "0.4.0",
        "@firebase/util": "1.9.3",
        "@firebase/webchannel-wrapper": "0.10.3",
        "@grpc/grpc-js": "~1.9.0",
        "@grpc/proto-loader": "^0.7.8",
        "node-fetch": "2.6.7",
        "tslib": "^2.1.0"
      },
      "engines": {
        "node": ">=10.10.0"
      },
      "peerDependencies": {
        "@firebase/app": "0.x"
      }
    },
    "node_modules/@firebase/firestore-compat": {
      "version": "0.3.18",
      "resolved": "https://registry.npmjs.org/@firebase/firestore-compat/-/firestore-compat-0.3.18.tgz",
      "integrity": "sha512-hkqv4mb1oScKbEtzfcK8Go8c0VpDWmbAvbD6B6XnphLqi27pkXgo9Rp+aSKlD7cBL29VMEekP5bEm9lSVfZpNw==",
      "dependencies": {
        "@firebase/component": "0.6.4",
        "@firebase/firestore": "4.2.0",
        "@firebase/firestore-types": "3.0.0",
        "@firebase/util": "1.9.3",
        "tslib": "^2.1.0"
      },
      "peerDependencies": {
        "@firebase/app-compat": "0.x"
      }
    },
    "node_modules/@firebase/firestore-types": {
      "version": "3.0.0",
      "resolved": "https://registry.npmjs.org/@firebase/firestore-types/-/firestore-types-3.0.0.tgz",
      "integrity": "sha512-Meg4cIezHo9zLamw0ymFYBD4SMjLb+ZXIbuN7T7ddXN6MGoICmOTq3/ltdCGoDCS2u+H1XJs2u/cYp75jsX9Qw==",
      "peerDependencies": {
        "@firebase/app-types": "0.x",
        "@firebase/util": "1.x"
      }
    },
    "node_modules/@firebase/functions": {
      "version": "0.10.0",
      "resolved": "https://registry.npmjs.org/@firebase/functions/-/functions-0.10.0.tgz",
      "integrity": "sha512-2U+fMNxTYhtwSpkkR6WbBcuNMOVaI7MaH3cZ6UAeNfj7AgEwHwMIFLPpC13YNZhno219F0lfxzTAA0N62ndWzA==",
      "dependencies": {
        "@firebase/app-check-interop-types": "0.3.0",
        "@firebase/auth-interop-types": "0.2.1",
        "@firebase/component": "0.6.4",
        "@firebase/messaging-interop-types": "0.2.0",
        "@firebase/util": "1.9.3",
        "node-fetch": "2.6.7",
        "tslib": "^2.1.0"
      },
      "peerDependencies": {
        "@firebase/app": "0.x"
      }
    },
    "node_modules/@firebase/functions-compat": {
      "version": "0.3.5",
      "resolved": "https://registry.npmjs.org/@firebase/functions-compat/-/functions-compat-0.3.5.tgz",
      "integrity": "sha512-uD4jwgwVqdWf6uc3NRKF8cSZ0JwGqSlyhPgackyUPe+GAtnERpS4+Vr66g0b3Gge0ezG4iyHo/EXW/Hjx7QhHw==",
      "dependencies": {
        "@firebase/component": "0.6.4",
        "@firebase/functions": "0.10.0",
        "@firebase/functions-types": "0.6.0",
        "@firebase/util": "1.9.3",
        "tslib": "^2.1.0"
      },
      "peerDependencies": {
        "@firebase/app-compat": "0.x"
      }
    },
    "node_modules/@firebase/functions-types": {
      "version": "0.6.0",
      "resolved": "https://registry.npmjs.org/@firebase/functions-types/-/functions-types-0.6.0.tgz",
      "integrity": "sha512-hfEw5VJtgWXIRf92ImLkgENqpL6IWpYaXVYiRkFY1jJ9+6tIhWM7IzzwbevwIIud/jaxKVdRzD7QBWfPmkwCYw=="
    },
    "node_modules/@firebase/installations": {
      "version": "0.6.4",
      "resolved": "https://registry.npmjs.org/@firebase/installations/-/installations-0.6.4.tgz",
      "integrity": "sha512-u5y88rtsp7NYkCHC3ElbFBrPtieUybZluXyzl7+4BsIz4sqb4vSAuwHEUgCgCeaQhvsnxDEU6icly8U9zsJigA==",
      "dependencies": {
        "@firebase/component": "0.6.4",
        "@firebase/util": "1.9.3",
        "idb": "7.0.1",
        "tslib": "^2.1.0"
      },
      "peerDependencies": {
        "@firebase/app": "0.x"
      }
    },
    "node_modules/@firebase/installations-compat": {
      "version": "0.2.4",
      "resolved": "https://registry.npmjs.org/@firebase/installations-compat/-/installations-compat-0.2.4.tgz",
      "integrity": "sha512-LI9dYjp0aT9Njkn9U4JRrDqQ6KXeAmFbRC0E7jI7+hxl5YmRWysq5qgQl22hcWpTk+cm3es66d/apoDU/A9n6Q==",
      "dependencies": {
        "@firebase/component": "0.6.4",
        "@firebase/installations": "0.6.4",
        "@firebase/installations-types": "0.5.0",
        "@firebase/util": "1.9.3",
        "tslib": "^2.1.0"
      },
      "peerDependencies": {
        "@firebase/app-compat": "0.x"
      }
    },
    "node_modules/@firebase/installations-types": {
      "version": "0.5.0",
      "resolved": "https://registry.npmjs.org/@firebase/installations-types/-/installations-types-0.5.0.tgz",
      "integrity": "sha512-9DP+RGfzoI2jH7gY4SlzqvZ+hr7gYzPODrbzVD82Y12kScZ6ZpRg/i3j6rleto8vTFC8n6Len4560FnV1w2IRg==",
      "peerDependencies": {
        "@firebase/app-types": "0.x"
      }
    },
    "node_modules/@firebase/installations/node_modules/idb": {
      "version": "7.0.1",
      "resolved": "https://registry.npmjs.org/idb/-/idb-7.0.1.tgz",
      "integrity": "sha512-UUxlE7vGWK5RfB/fDwEGgRf84DY/ieqNha6msMV99UsEMQhJ1RwbCd8AYBj3QMgnE3VZnfQvm4oKVCJTYlqIgg=="
    },
    "node_modules/@firebase/logger": {
      "version": "0.4.0",
      "resolved": "https://registry.npmjs.org/@firebase/logger/-/logger-0.4.0.tgz",
      "integrity": "sha512-eRKSeykumZ5+cJPdxxJRgAC3G5NknY2GwEbKfymdnXtnT0Ucm4pspfR6GT4MUQEDuJwRVbVcSx85kgJulMoFFA==",
      "dependencies": {
        "tslib": "^2.1.0"
      }
    },
    "node_modules/@firebase/messaging": {
      "version": "0.12.4",
      "resolved": "https://registry.npmjs.org/@firebase/messaging/-/messaging-0.12.4.tgz",
      "integrity": "sha512-6JLZct6zUaex4g7HI3QbzeUrg9xcnmDAPTWpkoMpd/GoSVWH98zDoWXMGrcvHeCAIsLpFMe4MPoZkJbrPhaASw==",
      "dependencies": {
        "@firebase/component": "0.6.4",
        "@firebase/installations": "0.6.4",
        "@firebase/messaging-interop-types": "0.2.0",
        "@firebase/util": "1.9.3",
        "idb": "7.0.1",
        "tslib": "^2.1.0"
      },
      "peerDependencies": {
        "@firebase/app": "0.x"
      }
    },
    "node_modules/@firebase/messaging-compat": {
      "version": "0.2.4",
      "resolved": "https://registry.npmjs.org/@firebase/messaging-compat/-/messaging-compat-0.2.4.tgz",
      "integrity": "sha512-lyFjeUhIsPRYDPNIkYX1LcZMpoVbBWXX4rPl7c/rqc7G+EUea7IEtSt4MxTvh6fDfPuzLn7+FZADfscC+tNMfg==",
      "dependencies": {
        "@firebase/component": "0.6.4",
        "@firebase/messaging": "0.12.4",
        "@firebase/util": "1.9.3",
        "tslib": "^2.1.0"
      },
      "peerDependencies": {
        "@firebase/app-compat": "0.x"
      }
    },
    "node_modules/@firebase/messaging-interop-types": {
      "version": "0.2.0",
      "resolved": "https://registry.npmjs.org/@firebase/messaging-interop-types/-/messaging-interop-types-0.2.0.tgz",
      "integrity": "sha512-ujA8dcRuVeBixGR9CtegfpU4YmZf3Lt7QYkcj693FFannwNuZgfAYaTmbJ40dtjB81SAu6tbFPL9YLNT15KmOQ=="
    },
    "node_modules/@firebase/messaging/node_modules/idb": {
      "version": "7.0.1",
      "resolved": "https://registry.npmjs.org/idb/-/idb-7.0.1.tgz",
      "integrity": "sha512-UUxlE7vGWK5RfB/fDwEGgRf84DY/ieqNha6msMV99UsEMQhJ1RwbCd8AYBj3QMgnE3VZnfQvm4oKVCJTYlqIgg=="
    },
    "node_modules/@firebase/performance": {
      "version": "0.6.4",
      "resolved": "https://registry.npmjs.org/@firebase/performance/-/performance-0.6.4.tgz",
      "integrity": "sha512-HfTn/bd8mfy/61vEqaBelNiNnvAbUtME2S25A67Nb34zVuCSCRIX4SseXY6zBnOFj3oLisaEqhVcJmVPAej67g==",
      "dependencies": {
        "@firebase/component": "0.6.4",
        "@firebase/installations": "0.6.4",
        "@firebase/logger": "0.4.0",
        "@firebase/util": "1.9.3",
        "tslib": "^2.1.0"
      },
      "peerDependencies": {
        "@firebase/app": "0.x"
      }
    },
    "node_modules/@firebase/performance-compat": {
      "version": "0.2.4",
      "resolved": "https://registry.npmjs.org/@firebase/performance-compat/-/performance-compat-0.2.4.tgz",
      "integrity": "sha512-nnHUb8uP9G8islzcld/k6Bg5RhX62VpbAb/Anj7IXs/hp32Eb2LqFPZK4sy3pKkBUO5wcrlRWQa6wKOxqlUqsg==",
      "dependencies": {
        "@firebase/component": "0.6.4",
        "@firebase/logger": "0.4.0",
        "@firebase/performance": "0.6.4",
        "@firebase/performance-types": "0.2.0",
        "@firebase/util": "1.9.3",
        "tslib": "^2.1.0"
      },
      "peerDependencies": {
        "@firebase/app-compat": "0.x"
      }
    },
    "node_modules/@firebase/performance-types": {
      "version": "0.2.0",
      "resolved": "https://registry.npmjs.org/@firebase/performance-types/-/performance-types-0.2.0.tgz",
      "integrity": "sha512-kYrbr8e/CYr1KLrLYZZt2noNnf+pRwDq2KK9Au9jHrBMnb0/C9X9yWSXmZkFt4UIdsQknBq8uBB7fsybZdOBTA=="
    },
    "node_modules/@firebase/remote-config": {
      "version": "0.4.4",
      "resolved": "https://registry.npmjs.org/@firebase/remote-config/-/remote-config-0.4.4.tgz",
      "integrity": "sha512-x1ioTHGX8ZwDSTOVp8PBLv2/wfwKzb4pxi0gFezS5GCJwbLlloUH4YYZHHS83IPxnua8b6l0IXUaWd0RgbWwzQ==",
      "dependencies": {
        "@firebase/component": "0.6.4",
        "@firebase/installations": "0.6.4",
        "@firebase/logger": "0.4.0",
        "@firebase/util": "1.9.3",
        "tslib": "^2.1.0"
      },
      "peerDependencies": {
        "@firebase/app": "0.x"
      }
    },
    "node_modules/@firebase/remote-config-compat": {
      "version": "0.2.4",
      "resolved": "https://registry.npmjs.org/@firebase/remote-config-compat/-/remote-config-compat-0.2.4.tgz",
      "integrity": "sha512-FKiki53jZirrDFkBHglB3C07j5wBpitAaj8kLME6g8Mx+aq7u9P7qfmuSRytiOItADhWUj7O1JIv7n9q87SuwA==",
      "dependencies": {
        "@firebase/component": "0.6.4",
        "@firebase/logger": "0.4.0",
        "@firebase/remote-config": "0.4.4",
        "@firebase/remote-config-types": "0.3.0",
        "@firebase/util": "1.9.3",
        "tslib": "^2.1.0"
      },
      "peerDependencies": {
        "@firebase/app-compat": "0.x"
      }
    },
    "node_modules/@firebase/remote-config-types": {
      "version": "0.3.0",
      "resolved": "https://registry.npmjs.org/@firebase/remote-config-types/-/remote-config-types-0.3.0.tgz",
      "integrity": "sha512-RtEH4vdcbXZuZWRZbIRmQVBNsE7VDQpet2qFvq6vwKLBIQRQR5Kh58M4ok3A3US8Sr3rubYnaGqZSurCwI8uMA=="
    },
    "node_modules/@firebase/storage": {
      "version": "0.11.2",
      "resolved": "https://registry.npmjs.org/@firebase/storage/-/storage-0.11.2.tgz",
      "integrity": "sha512-CtvoFaBI4hGXlXbaCHf8humajkbXhs39Nbh6MbNxtwJiCqxPy9iH3D3CCfXAvP0QvAAwmJUTK3+z9a++Kc4nkA==",
      "dependencies": {
        "@firebase/component": "0.6.4",
        "@firebase/util": "1.9.3",
        "node-fetch": "2.6.7",
        "tslib": "^2.1.0"
      },
      "peerDependencies": {
        "@firebase/app": "0.x"
      }
    },
    "node_modules/@firebase/storage-compat": {
      "version": "0.3.2",
      "resolved": "https://registry.npmjs.org/@firebase/storage-compat/-/storage-compat-0.3.2.tgz",
      "integrity": "sha512-wvsXlLa9DVOMQJckbDNhXKKxRNNewyUhhbXev3t8kSgoCotd1v3MmqhKKz93ePhDnhHnDs7bYHy+Qa8dRY6BXw==",
      "dependencies": {
        "@firebase/component": "0.6.4",
        "@firebase/storage": "0.11.2",
        "@firebase/storage-types": "0.8.0",
        "@firebase/util": "1.9.3",
        "tslib": "^2.1.0"
      },
      "peerDependencies": {
        "@firebase/app-compat": "0.x"
      }
    },
    "node_modules/@firebase/storage-types": {
      "version": "0.8.0",
      "resolved": "https://registry.npmjs.org/@firebase/storage-types/-/storage-types-0.8.0.tgz",
      "integrity": "sha512-isRHcGrTs9kITJC0AVehHfpraWFui39MPaU7Eo8QfWlqW7YPymBmRgjDrlOgFdURh6Cdeg07zmkLP5tzTKRSpg==",
      "peerDependencies": {
        "@firebase/app-types": "0.x",
        "@firebase/util": "1.x"
      }
    },
    "node_modules/@firebase/util": {
      "version": "1.9.3",
      "resolved": "https://registry.npmjs.org/@firebase/util/-/util-1.9.3.tgz",
      "integrity": "sha512-DY02CRhOZwpzO36fHpuVysz6JZrscPiBXD0fXp6qSrL9oNOx5KWICKdR95C0lSITzxp0TZosVyHqzatE8JbcjA==",
      "dependencies": {
        "tslib": "^2.1.0"
      }
    },
    "node_modules/@firebase/webchannel-wrapper": {
      "version": "0.10.3",
      "resolved": "https://registry.npmjs.org/@firebase/webchannel-wrapper/-/webchannel-wrapper-0.10.3.tgz",
      "integrity": "sha512-+ZplYUN3HOpgCfgInqgdDAbkGGVzES1cs32JJpeqoh87SkRobGXElJx+1GZSaDqzFL+bYiX18qEcBK76mYs8uA=="
    },
    "node_modules/@grpc/grpc-js": {
      "version": "1.9.4",
      "resolved": "https://registry.npmjs.org/@grpc/grpc-js/-/grpc-js-1.9.4.tgz",
      "integrity": "sha512-oEnzYiDuEsBydZBtP84BkpduLsE1nSAO4KrhTLHRzNrIQE647fhchmosTQsJdCo8X9zBBt+l5+fNk+m/yCFJ/Q==",
      "dependencies": {
        "@grpc/proto-loader": "^0.7.8",
        "@types/node": ">=12.12.47"
      },
      "engines": {
        "node": "^8.13.0 || >=10.10.0"
      }
    },
    "node_modules/@grpc/proto-loader": {
      "version": "0.7.10",
      "resolved": "https://registry.npmjs.org/@grpc/proto-loader/-/proto-loader-0.7.10.tgz",
      "integrity": "sha512-CAqDfoaQ8ykFd9zqBDn4k6iWT9loLAlc2ETmDFS9JCD70gDcnA4L3AFEo2iV7KyAtAAHFW9ftq1Fz+Vsgq80RQ==",
      "dependencies": {
        "lodash.camelcase": "^4.3.0",
        "long": "^5.0.0",
        "protobufjs": "^7.2.4",
        "yargs": "^17.7.2"
      },
      "bin": {
        "proto-loader-gen-types": "build/bin/proto-loader-gen-types.js"
      },
      "engines": {
        "node": ">=6"
      }
    },
    "node_modules/@protobufjs/aspromise": {
      "version": "1.1.2",
      "resolved": "https://registry.npmjs.org/@protobufjs/aspromise/-/aspromise-1.1.2.tgz",
      "integrity": "sha512-j+gKExEuLmKwvz3OgROXtrJ2UG2x8Ch2YZUxahh+s1F2HZ+wAceUNLkvy6zKCPVRkU++ZWQrdxsUeQXmcg4uoQ=="
    },
    "node_modules/@protobufjs/base64": {
      "version": "1.1.2",
      "resolved": "https://registry.npmjs.org/@protobufjs/base64/-/base64-1.1.2.tgz",
      "integrity": "sha512-AZkcAA5vnN/v4PDqKyMR5lx7hZttPDgClv83E//FMNhR2TMcLUhfRUBHCmSl0oi9zMgDDqRUJkSxO3wm85+XLg=="
    },
    "node_modules/@protobufjs/codegen": {
      "version": "2.0.4",
      "resolved": "https://registry.npmjs.org/@protobufjs/codegen/-/codegen-2.0.4.tgz",
      "integrity": "sha512-YyFaikqM5sH0ziFZCN3xDC7zeGaB/d0IUb9CATugHWbd1FRFwWwt4ld4OYMPWu5a3Xe01mGAULCdqhMlPl29Jg=="
    },
    "node_modules/@protobufjs/eventemitter": {
      "version": "1.1.0",
      "resolved": "https://registry.npmjs.org/@protobufjs/eventemitter/-/eventemitter-1.1.0.tgz",
      "integrity": "sha512-j9ednRT81vYJ9OfVuXG6ERSTdEL1xVsNgqpkxMsbIabzSo3goCjDIveeGv5d03om39ML71RdmrGNjG5SReBP/Q=="
    },
    "node_modules/@protobufjs/fetch": {
      "version": "1.1.0",
      "resolved": "https://registry.npmjs.org/@protobufjs/fetch/-/fetch-1.1.0.tgz",
      "integrity": "sha512-lljVXpqXebpsijW71PZaCYeIcE5on1w5DlQy5WH6GLbFryLUrBD4932W/E2BSpfRJWseIL4v/KPgBFxDOIdKpQ==",
      "dependencies": {
        "@protobufjs/aspromise": "^1.1.1",
        "@protobufjs/inquire": "^1.1.0"
      }
    },
    "node_modules/@protobufjs/float": {
      "version": "1.0.2",
      "resolved": "https://registry.npmjs.org/@protobufjs/float/-/float-1.0.2.tgz",
      "integrity": "sha512-Ddb+kVXlXst9d+R9PfTIxh1EdNkgoRe5tOX6t01f1lYWOvJnSPDBlG241QLzcyPdoNTsblLUdujGSE4RzrTZGQ=="
    },
    "node_modules/@protobufjs/inquire": {
      "version": "1.1.0",
      "resolved": "https://registry.npmjs.org/@protobufjs/inquire/-/inquire-1.1.0.tgz",
      "integrity": "sha512-kdSefcPdruJiFMVSbn801t4vFK7KB/5gd2fYvrxhuJYg8ILrmn9SKSX2tZdV6V+ksulWqS7aXjBcRXl3wHoD9Q=="
    },
    "node_modules/@protobufjs/path": {
      "version": "1.1.2",
      "resolved": "https://registry.npmjs.org/@protobufjs/path/-/path-1.1.2.tgz",
      "integrity": "sha512-6JOcJ5Tm08dOHAbdR3GrvP+yUUfkjG5ePsHYczMFLq3ZmMkAD98cDgcT2iA1lJ9NVwFd4tH/iSSoe44YWkltEA=="
    },
    "node_modules/@protobufjs/pool": {
      "version": "1.1.0",
      "resolved": "https://registry.npmjs.org/@protobufjs/pool/-/pool-1.1.0.tgz",
      "integrity": "sha512-0kELaGSIDBKvcgS4zkjz1PeddatrjYcmMWOlAuAPwAeccUrPHdUqo/J6LiymHHEiJT5NrF1UVwxY14f+fy4WQw=="
    },
    "node_modules/@protobufjs/utf8": {
      "version": "1.1.0",
      "resolved": "https://registry.npmjs.org/@protobufjs/utf8/-/utf8-1.1.0.tgz",
      "integrity": "sha512-Vvn3zZrhQZkkBE8LSuW3em98c0FwgO4nxzv6OdSxPKJIEKY2bGbHn+mhGIPerzI4twdxaP8/0+06HBpwf345Lw=="
    },
    "node_modules/@types/node": {
      "version": "20.7.0",
      "resolved": "https://registry.npmjs.org/@types/node/-/node-20.7.0.tgz",
      "integrity": "sha512-zI22/pJW2wUZOVyguFaUL1HABdmSVxpXrzIqkjsHmyUjNhPoWM1CKfvVuXfetHhIok4RY573cqS0mZ1SJEnoTg=="
    },
    "node_modules/ansi-regex": {
      "version": "5.0.1",
      "resolved": "https://registry.npmjs.org/ansi-regex/-/ansi-regex-5.0.1.tgz",
      "integrity": "sha512-quJQXlTSUGL2LH9SUXo8VwsY4soanhgo6LNSm84E1LBcE8s3O0wpdiRzyR9z/ZZJMlMWv37qOOb9pdJlMUEKFQ==",
      "engines": {
        "node": ">=8"
      }
    },
    "node_modules/ansi-styles": {
      "version": "4.3.0",
      "resolved": "https://registry.npmjs.org/ansi-styles/-/ansi-styles-4.3.0.tgz",
      "integrity": "sha512-zbB9rCJAT1rbjiVDb2hqKFHNYLxgtk8NURxZ3IZwD3F6NtxbXZQCnnSi1Lkx+IDohdPlFp222wVALIheZJQSEg==",
      "dependencies": {
        "color-convert": "^2.0.1"
      },
      "engines": {
        "node": ">=8"
      },
      "funding": {
        "url": "https://github.com/chalk/ansi-styles?sponsor=1"
      }
    },
    "node_modules/cliui": {
      "version": "8.0.1",
      "resolved": "https://registry.npmjs.org/cliui/-/cliui-8.0.1.tgz",
      "integrity": "sha512-BSeNnyus75C4//NQ9gQt1/csTXyo/8Sb+afLAkzAptFuMsod9HFokGNudZpi/oQV73hnVK+sR+5PVRMd+Dr7YQ==",
      "dependencies": {
        "string-width": "^4.2.0",
        "strip-ansi": "^6.0.1",
        "wrap-ansi": "^7.0.0"
      },
      "engines": {
        "node": ">=12"
      }
    },
    "node_modules/color-convert": {
      "version": "2.0.1",
      "resolved": "https://registry.npmjs.org/color-convert/-/color-convert-2.0.1.tgz",
      "integrity": "sha512-RRECPsj7iu/xb5oKYcsFHSppFNnsj/52OVTRKb4zP5onXwVF3zVmmToNcOfGC+CRDpfK/U584fMg38ZHCaElKQ==",
      "dependencies": {
        "color-name": "~1.1.4"
      },
      "engines": {
        "node": ">=7.0.0"
      }
    },
    "node_modules/color-name": {
      "version": "1.1.4",
      "resolved": "https://registry.npmjs.org/color-name/-/color-name-1.1.4.tgz",
      "integrity": "sha512-dOy+3AuW3a2wNbZHIuMZpTcgjGuLU/uBL/ubcZF9OXbDo8ff4O8yVp5Bf0efS8uEoYo5q4Fx7dY9OgQGXgAsQA=="
    },
    "node_modules/emoji-regex": {
      "version": "8.0.0",
      "resolved": "https://registry.npmjs.org/emoji-regex/-/emoji-regex-8.0.0.tgz",
      "integrity": "sha512-MSjYzcWNOA0ewAHpz0MxpYFvwg6yjy1NG3xteoqz644VCo/RPgnr1/GGt+ic3iJTzQ8Eu3TdM14SawnVUmGE6A=="
    },
    "node_modules/escalade": {
      "version": "3.1.1",
      "resolved": "https://registry.npmjs.org/escalade/-/escalade-3.1.1.tgz",
      "integrity": "sha512-k0er2gUkLf8O0zKJiAhmkTnJlTvINGv7ygDNPbeIsX/TJjGJZHuh9B2UxbsaEkmlEo9MfhrSzmhIlhRlI2GXnw==",
      "engines": {
        "node": ">=6"
      }
    },
    "node_modules/faye-websocket": {
      "version": "0.11.4",
      "resolved": "https://registry.npmjs.org/faye-websocket/-/faye-websocket-0.11.4.tgz",
      "integrity": "sha512-CzbClwlXAuiRQAlUyfqPgvPoNKTckTPGfwZV4ZdAhVcP2lh9KUxJg2b5GkE7XbjKQ3YJnQ9z6D9ntLAlB+tP8g==",
      "dependencies": {
        "websocket-driver": ">=0.5.1"
      },
      "engines": {
        "node": ">=0.8.0"
      }
    },
    "node_modules/firebase": {
      "version": "10.4.0",
      "resolved": "https://registry.npmjs.org/firebase/-/firebase-10.4.0.tgz",
      "integrity": "sha512-3Z8WsNwA7kbcKGZ+nrTZ/ES518pk0K440ZJYD8nUNKN5hV6ll+unhUw30t1msedN6yIFjhsC/9OwT4Z0ohwO2w==",
      "dependencies": {
        "@firebase/analytics": "0.10.0",
        "@firebase/analytics-compat": "0.2.6",
        "@firebase/app": "0.9.19",
        "@firebase/app-check": "0.8.0",
        "@firebase/app-check-compat": "0.3.7",
        "@firebase/app-compat": "0.2.19",
        "@firebase/app-types": "0.9.0",
        "@firebase/auth": "1.3.0",
        "@firebase/auth-compat": "0.4.6",
        "@firebase/database": "1.0.1",
        "@firebase/database-compat": "1.0.1",
        "@firebase/firestore": "4.2.0",
        "@firebase/firestore-compat": "0.3.18",
        "@firebase/functions": "0.10.0",
        "@firebase/functions-compat": "0.3.5",
        "@firebase/installations": "0.6.4",
        "@firebase/installations-compat": "0.2.4",
        "@firebase/messaging": "0.12.4",
        "@firebase/messaging-compat": "0.2.4",
        "@firebase/performance": "0.6.4",
        "@firebase/performance-compat": "0.2.4",
        "@firebase/remote-config": "0.4.4",
        "@firebase/remote-config-compat": "0.2.4",
        "@firebase/storage": "0.11.2",
        "@firebase/storage-compat": "0.3.2",
        "@firebase/util": "1.9.3"
      }
    },
    "node_modules/get-caller-file": {
      "version": "2.0.5",
      "resolved": "https://registry.npmjs.org/get-caller-file/-/get-caller-file-2.0.5.tgz",
      "integrity": "sha512-DyFP3BM/3YHTQOCUL/w0OZHR0lpKeGrxotcHWcqNEdnltqFwXVfhEBQ94eIo34AfQpo0rGki4cyIiftY06h2Fg==",
      "engines": {
        "node": "6.* || 8.* || >= 10.*"
      }
    },
    "node_modules/http-parser-js": {
      "version": "0.5.8",
      "resolved": "https://registry.npmjs.org/http-parser-js/-/http-parser-js-0.5.8.tgz",
      "integrity": "sha512-SGeBX54F94Wgu5RH3X5jsDtf4eHyRogWX1XGT3b4HuW3tQPM4AaBzoUji/4AAJNXCEOWZ5O0DgZmJw1947gD5Q=="
    },
    "node_modules/idb": {
      "version": "7.1.1",
      "resolved": "https://registry.npmjs.org/idb/-/idb-7.1.1.tgz",
      "integrity": "sha512-gchesWBzyvGHRO9W8tzUWFDycow5gwjvFKfyV9FF32Y7F50yZMp7mP+T2mJIWFx49zicqyC4uefHM17o6xKIVQ=="
    },
    "node_modules/is-fullwidth-code-point": {
      "version": "3.0.0",
      "resolved": "https://registry.npmjs.org/is-fullwidth-code-point/-/is-fullwidth-code-point-3.0.0.tgz",
      "integrity": "sha512-zymm5+u+sCsSWyD9qNaejV3DFvhCKclKdizYaJUuHA83RLjb7nSuGnddCHGv0hk+KY7BMAlsWeK4Ueg6EV6XQg==",
      "engines": {
        "node": ">=8"
      }
    },
    "node_modules/lodash.camelcase": {
      "version": "4.3.0",
      "resolved": "https://registry.npmjs.org/lodash.camelcase/-/lodash.camelcase-4.3.0.tgz",
      "integrity": "sha512-TwuEnCnxbc3rAvhf/LbG7tJUDzhqXyFnv3dtzLOPgCG/hODL7WFnsbwktkD7yUV0RrreP/l1PALq/YSg6VvjlA=="
    },
    "node_modules/long": {
      "version": "5.2.3",
      "resolved": "https://registry.npmjs.org/long/-/long-5.2.3.tgz",
      "integrity": "sha512-lcHwpNoggQTObv5apGNCTdJrO69eHOZMi4BNC+rTLER8iHAqGrUVeLh/irVIM7zTw2bOXA8T6uNPeujwOLg/2Q=="
    },
    "node_modules/node-fetch": {
      "version": "2.6.7",
      "resolved": "https://registry.npmjs.org/node-fetch/-/node-fetch-2.6.7.tgz",
      "integrity": "sha512-ZjMPFEfVx5j+y2yF35Kzx5sF7kDzxuDj6ziH4FFbOp87zKDZNx8yExJIb05OGF4Nlt9IHFIMBkRl41VdvcNdbQ==",
      "dependencies": {
        "whatwg-url": "^5.0.0"
      },
      "engines": {
        "node": "4.x || >=6.0.0"
      },
      "peerDependencies": {
        "encoding": "^0.1.0"
      },
      "peerDependenciesMeta": {
        "encoding": {
          "optional": true
        }
      }
    },
    "node_modules/protobufjs": {
      "version": "7.2.5",
      "resolved": "https://registry.npmjs.org/protobufjs/-/protobufjs-7.2.5.tgz",
      "integrity": "sha512-gGXRSXvxQ7UiPgfw8gevrfRWcTlSbOFg+p/N+JVJEK5VhueL2miT6qTymqAmjr1Q5WbOCyJbyrk6JfWKwlFn6A==",
      "hasInstallScript": true,
      "dependencies": {
        "@protobufjs/aspromise": "^1.1.2",
        "@protobufjs/base64": "^1.1.2",
        "@protobufjs/codegen": "^2.0.4",
        "@protobufjs/eventemitter": "^1.1.0",
        "@protobufjs/fetch": "^1.1.0",
        "@protobufjs/float": "^1.0.2",
        "@protobufjs/inquire": "^1.1.0",
        "@protobufjs/path": "^1.1.2",
        "@protobufjs/pool": "^1.1.0",
        "@protobufjs/utf8": "^1.1.0",
        "@types/node": ">=13.7.0",
        "long": "^5.0.0"
      },
      "engines": {
        "node": ">=12.0.0"
      }
    },
    "node_modules/require-directory": {
      "version": "2.1.1",
      "resolved": "https://registry.npmjs.org/require-directory/-/require-directory-2.1.1.tgz",
      "integrity": "sha512-fGxEI7+wsG9xrvdjsrlmL22OMTTiHRwAMroiEeMgq8gzoLC/PQr7RsRDSTLUg/bZAZtF+TVIkHc6/4RIKrui+Q==",
      "engines": {
        "node": ">=0.10.0"
      }
    },
    "node_modules/safe-buffer": {
      "version": "5.2.1",
      "resolved": "https://registry.npmjs.org/safe-buffer/-/safe-buffer-5.2.1.tgz",
      "integrity": "sha512-rp3So07KcdmmKbGvgaNxQSJr7bGVSVk5S9Eq1F+ppbRo70+YeaDxkw5Dd8NPN+GD6bjnYm2VuPuCXmpuYvmCXQ==",
      "funding": [
        {
          "type": "github",
          "url": "https://github.com/sponsors/feross"
        },
        {
          "type": "patreon",
          "url": "https://www.patreon.com/feross"
        },
        {
          "type": "consulting",
          "url": "https://feross.org/support"
        }
      ]
    },
    "node_modules/string-width": {
      "version": "4.2.3",
      "resolved": "https://registry.npmjs.org/string-width/-/string-width-4.2.3.tgz",
      "integrity": "sha512-wKyQRQpjJ0sIp62ErSZdGsjMJWsap5oRNihHhu6G7JVO/9jIB6UyevL+tXuOqrng8j/cxKTWyWUwvSTriiZz/g==",
      "dependencies": {
        "emoji-regex": "^8.0.0",
        "is-fullwidth-code-point": "^3.0.0",
        "strip-ansi": "^6.0.1"
      },
      "engines": {
        "node": ">=8"
      }
    },
    "node_modules/strip-ansi": {
      "version": "6.0.1",
      "resolved": "https://registry.npmjs.org/strip-ansi/-/strip-ansi-6.0.1.tgz",
      "integrity": "sha512-Y38VPSHcqkFrCpFnQ9vuSXmquuv5oXOKpGeT6aGrr3o3Gc9AlVa6JBfUSOCnbxGGZF+/0ooI7KrPuUSztUdU5A==",
      "dependencies": {
        "ansi-regex": "^5.0.1"
      },
      "engines": {
        "node": ">=8"
      }
    },
    "node_modules/tr46": {
      "version": "0.0.3",
      "resolved": "https://registry.npmjs.org/tr46/-/tr46-0.0.3.tgz",
      "integrity": "sha512-N3WMsuqV66lT30CrXNbEjx4GEwlow3v6rr4mCcv6prnfwhS01rkgyFdjPNBYd9br7LpXV1+Emh01fHnq2Gdgrw=="
    },
    "node_modules/tslib": {
      "version": "2.6.2",
      "resolved": "https://registry.npmjs.org/tslib/-/tslib-2.6.2.tgz",
      "integrity": "sha512-AEYxH93jGFPn/a2iVAwW87VuUIkR1FVUKB77NwMF7nBTDkDrrT/Hpt/IrCJ0QXhW27jTBDcf5ZY7w6RiqTMw2Q=="
    },
    "node_modules/webidl-conversions": {
      "version": "3.0.1",
      "resolved": "https://registry.npmjs.org/webidl-conversions/-/webidl-conversions-3.0.1.tgz",
      "integrity": "sha512-2JAn3z8AR6rjK8Sm8orRC0h/bcl/DqL7tRPdGZ4I1CjdF+EaMLmYxBHyXuKL849eucPFhvBoxMsflfOb8kxaeQ=="
    },
    "node_modules/websocket-driver": {
      "version": "0.7.4",
      "resolved": "https://registry.npmjs.org/websocket-driver/-/websocket-driver-0.7.4.tgz",
      "integrity": "sha512-b17KeDIQVjvb0ssuSDF2cYXSg2iztliJ4B9WdsuB6J952qCPKmnVq4DyW5motImXHDC1cBT/1UezrJVsKw5zjg==",
      "dependencies": {
        "http-parser-js": ">=0.5.1",
        "safe-buffer": ">=5.1.0",
        "websocket-extensions": ">=0.1.1"
      },
      "engines": {
        "node": ">=0.8.0"
      }
    },
    "node_modules/websocket-extensions": {
      "version": "0.1.4",
      "resolved": "https://registry.npmjs.org/websocket-extensions/-/websocket-extensions-0.1.4.tgz",
      "integrity": "sha512-OqedPIGOfsDlo31UNwYbCFMSaO9m9G/0faIHj5/dZFDMFqPTcx6UwqyOy3COEaEOg/9VsGIpdqn62W5KhoKSpg==",
      "engines": {
        "node": ">=0.8.0"
      }
    },
    "node_modules/whatwg-url": {
      "version": "5.0.0",
      "resolved": "https://registry.npmjs.org/whatwg-url/-/whatwg-url-5.0.0.tgz",
      "integrity": "sha512-saE57nupxk6v3HY35+jzBwYa0rKSy0XR8JSxZPwgLr7ys0IBzhGviA1/TUGJLmSVqs8pb9AnvICXEuOHLprYTw==",
      "dependencies": {
        "tr46": "~0.0.3",
        "webidl-conversions": "^3.0.0"
      }
    },
    "node_modules/wrap-ansi": {
      "version": "7.0.0",
      "resolved": "https://registry.npmjs.org/wrap-ansi/-/wrap-ansi-7.0.0.tgz",
      "integrity": "sha512-YVGIj2kamLSTxw6NsZjoBxfSwsn0ycdesmc4p+Q21c5zPuZ1pl+NfxVdxPtdHvmNVOQ6XSYG4AUtyt/Fi7D16Q==",
      "dependencies": {
        "ansi-styles": "^4.0.0",
        "string-width": "^4.1.0",
        "strip-ansi": "^6.0.0"
      },
      "engines": {
        "node": ">=10"
      },
      "funding": {
        "url": "https://github.com/chalk/wrap-ansi?sponsor=1"
      }
    },
    "node_modules/y18n": {
      "version": "5.0.8",
      "resolved": "https://registry.npmjs.org/y18n/-/y18n-5.0.8.tgz",
      "integrity": "sha512-0pfFzegeDWJHJIAmTLRP2DwHjdF5s7jo9tuztdQxAhINCdvS+3nGINqPd00AphqJR/0LhANUS6/+7SCb98YOfA==",
      "engines": {
        "node": ">=10"
      }
    },
    "node_modules/yargs": {
      "version": "17.7.2",
      "resolved": "https://registry.npmjs.org/yargs/-/yargs-17.7.2.tgz",
      "integrity": "sha512-7dSzzRQ++CKnNI/krKnYRV7JKKPUXMEh61soaHKg9mrWEhzFWhFnxPxGl+69cD1Ou63C13NUPCnmIcrvqCuM6w==",
      "dependencies": {
        "cliui": "^8.0.1",
        "escalade": "^3.1.1",
        "get-caller-file": "^2.0.5",
        "require-directory": "^2.1.1",
        "string-width": "^4.2.3",
        "y18n": "^5.0.5",
        "yargs-parser": "^21.1.1"
      },
      "engines": {
        "node": ">=12"
      }
    },
    "node_modules/yargs-parser": {
      "version": "21.1.1",
      "resolved": "https://registry.npmjs.org/yargs-parser/-/yargs-parser-21.1.1.tgz",
      "integrity": "sha512-tVpsJW7DdjecAiFpbIB1e3qxIQsE6NoPc5/eTdrbbIC4h0LVsWhnoa3g+m2HclBIujHzsxZ4VJVA+GUuc2/LBw==",
      "engines": {
        "node": ">=12"
      }
    }
  }
}
